
Microsoft Visual Studio Solution File, Format Version 12.00
# Visual Studio 15
VisualStudioVersion = 15.0.28307.1705
MinimumVisualStudioVersion = 10.0.40219.1
Project("{8BC9CEB8-8B4A-11D0-8D11-00A0C91BC942}") = "Breakout-OpenGL", "Breakout-OpenGL\Breakout-OpenGL.vcxproj", "{75399D05-2872-49B6-BEA5-9066EA53D800}"
EndProject
Global
	GlobalSection(SolutionConfigurationPlatforms) = preSolution
		Debug|x64 = Debug|x64
		Debug|x86 = Debug|x86
		Release|x64 = Release|x64
		Release|x86 = Release|x86
	EndGlobalSection
	GlobalSection(ProjectConfigurationPlatforms) = postSolution
		{75399D05-2872-49B6-BEA5-9066EA53D800}.Debug|x64.ActiveCfg = Debug|x64
		{75399D05-2872-49B6-BEA5-9066EA53D800}.Debug|x64.Build.0 = Debug|x64
		{75399D05-2872-49B6-BEA5-9066EA53D800}.Debug|x86.ActiveCfg = Debug|Win32
		{75399D05-2872-49B6-BEA5-9066EA53D800}.Debug|x86.Build.0 = Debug|Win32
		{75399D05-2872-49B6-BEA5-9066EA53D800}.Release|x64.ActiveCfg = Release|x64
		{75399D05-2872-49B6-BEA5-9066EA53D800}.Release|x64.Build.0 = Release|x64
		{75399D05-2872-49B6-BEA5-9066EA53D800}.Release|x86.ActiveCfg = Release|Win32
		{75399D05-2872-49B6-BEA5-9066EA53D800}.Release|x86.Build.0 = Release|Win32
	EndGlobalSection
	GlobalSection(SolutionProperties) = preSolution
		HideSolutionNode = FALSE
	EndGlobalSection
	GlobalSection(ExtensibilityGlobals) = postSolution
		SolutionGuid = {405D0765-C585-4550-BC7C-E81680F391AA}
	EndGlobalSection
EndGlobal
